{
  "originHash" : "736ba66c3dcbb18d36deafd7b8141eb2a75bc798eefa4df1b01aab0a3ee47862",
  "pins" : [
    {
      "identity" : "onesignal-ios-sdk",
      "kind" : "remoteSourceControl",
      "location" : "https://github.com/OneSignal/OneSignal-iOS-SDK",
      "state" : {
        "revision" : "47972a48f0bf648706e3ec7f8f837d4b3756f69c",
        "version" : "5.2.15"
      }
    },
    {
      "identity" : "purchases-ios",
      "kind" : "remoteSourceControl",
      "location" : "https://github.com/RevenueCat/purchases-ios",
      "state" : {
        "revision" : "a315ca87fcec9fa6290c538e88e2f0a62f796458",
        "version" : "5.40.0"
      }
    }
  ],
  "version" : 3
}
