// !$*UTF8*$!
{
	archiveVersion = 1;
	classes = {
	};
	objectVersion = 77;
	objects = {

/* Begin PBXBuildFile section */
		9433050E2E662BC0008485E6 /* .gitignore in Resources */ = {isa = PBXBuildFile; fileRef = 9433050D2E662BBB008485E6 /* .gitignore */; };
		9433051F2E663366008485E6 /* Boilerplate.xctestplan in Resources */ = {isa = PBXBuildFile; fileRef = 9433051E2E663366008485E6 /* Boilerplate.xctestplan */; };
		943F04A52EE46FC10062A816 /* OneSignalNotificationServiceExtension.appex in Embed Foundation Extensions */ = {isa = PBXBuildFile; fileRef = 943F049E2EE46FC10062A816 /* OneSignalNotificationServiceExtension.appex */; settings = {ATTRIBUTES = (RemoveHeadersOnCopy, ); }; };
		943F04AE2EE5E1500062A816 /* OneSignalExtension in Frameworks */ = {isa = PBXBuildFile; productRef = 943F04AD2EE5E1500062A816 /* OneSignalExtension */; };
		943F04B02EE5E1500062A816 /* OneSignalFramework in Frameworks */ = {isa = PBXBuildFile; productRef = 943F04AF2EE5E1500062A816 /* OneSignalFramework */; };
		944C4DF82F8BDB2E00E2488D /* FeatureRating in Frameworks */ = {isa = PBXBuildFile; productRef = 94A03A5C2E8B173B003E6915 /* FeatureRating */; };
		94A03A4B2E8B173B003E6915 /* AI in Frameworks */ = {isa = PBXBuildFile; productRef = 94A03A4A2E8B173B003E6915 /* AI */; };
		94A03A4D2E8B173B003E6915 /* Auth in Frameworks */ = {isa = PBXBuildFile; productRef = 94A03A4C2E8B173B003E6915 /* Auth */; };
		94A03A4F2E8B173B003E6915 /* Core in Frameworks */ = {isa = PBXBuildFile; productRef = 94A03A4E2E8B173B003E6915 /* Core */; };
		94A03A512E8B173B003E6915 /* DesignSystem in Frameworks */ = {isa = PBXBuildFile; productRef = 94A03A502E8B173B003E6915 /* DesignSystem */; };
		94A03A532E8B173B003E6915 /* FeatureChat in Frameworks */ = {isa = PBXBuildFile; productRef = 94A03A522E8B173B003E6915 /* FeatureChat */; };
		94A03A552E8B173B003E6915 /* FeatureSettings in Frameworks */ = {isa = PBXBuildFile; productRef = 94A03A542E8B173B003E6915 /* FeatureSettings */; };
		94A03A572E8B173B003E6915 /* Networking in Frameworks */ = {isa = PBXBuildFile; productRef = 94A03A562E8B173B003E6915 /* Networking */; };
		94A03A592E8B173B003E6915 /* Payments in Frameworks */ = {isa = PBXBuildFile; productRef = 94A03A582E8B173B003E6915 /* Payments */; };
		94A03A5B2E8B173B003E6915 /* Storage in Frameworks */ = {isa = PBXBuildFile; productRef = 94A03A5A2E8B173B003E6915 /* Storage */; };
/* End PBXBuildFile section */

/* Begin PBXContainerItemProxy section */
		943304E92E6628CA008485E6 /* PBXContainerItemProxy */ = {
			isa = PBXContainerItemProxy;
			containerPortal = 943304D12E6628C8008485E6 /* Project object */;
			proxyType = 1;
			remoteGlobalIDString = 943304D82E6628C8008485E6;
			remoteInfo = "Brand-Ready AI Assistant — Native Swift Boilerplate";
		};
		943304F32E6628CA008485E6 /* PBXContainerItemProxy */ = {
			isa = PBXContainerItemProxy;
			containerPortal = 943304D12E6628C8008485E6 /* Project object */;
			proxyType = 1;
			remoteGlobalIDString = 943304D82E6628C8008485E6;
			remoteInfo = "Brand-Ready AI Assistant — Native Swift Boilerplate";
		};
		943F04A32EE46FC10062A816 /* PBXContainerItemProxy */ = {
			isa = PBXContainerItemProxy;
			containerPortal = 943304D12E6628C8008485E6 /* Project object */;
			proxyType = 1;
			remoteGlobalIDString = 943F049D2EE46FC10062A816;
			remoteInfo = OneSignalNotificationServiceExtension;
		};
/* End PBXContainerItemProxy section */

/* Begin PBXCopyFilesBuildPhase section */
		943F04AA2EE46FC10062A816 /* Embed Foundation Extensions */ = {
			isa = PBXCopyFilesBuildPhase;
			buildActionMask = 2147483647;
			dstPath = "";
			dstSubfolderSpec = 13;
			files = (
				943F04A52EE46FC10062A816 /* OneSignalNotificationServiceExtension.appex in Embed Foundation Extensions */,
			);
			name = "Embed Foundation Extensions";
			runOnlyForDeploymentPostprocessing = 0;
		};
/* End PBXCopyFilesBuildPhase section */

/* Begin PBXFileReference section */
		943304D92E6628C8008485E6 /* SwiftAIBoilerplatePro.app */ = {isa = PBXFileReference; explicitFileType = wrapper.application; includeInIndex = 0; path = SwiftAIBoilerplatePro.app; sourceTree = BUILT_PRODUCTS_DIR; };
		943304E82E6628CA008485E6 /* SwiftAIBoilerplateProTests.xctest */ = {isa = PBXFileReference; explicitFileType = wrapper.cfbundle; includeInIndex = 0; path = SwiftAIBoilerplateProTests.xctest; sourceTree = BUILT_PRODUCTS_DIR; };
		943304F22E6628CA008485E6 /* SwiftAIBoilerplateProUITests.xctest */ = {isa = PBXFileReference; explicitFileType = wrapper.cfbundle; includeInIndex = 0; path = SwiftAIBoilerplateProUITests.xctest; sourceTree = BUILT_PRODUCTS_DIR; };
		943305052E662910008485E6 /* README.md */ = {isa = PBXFileReference; lastKnownFileType = net.daringfireball.markdown; path = README.md; sourceTree = "<group>"; };
		943305072E662940008485E6 /* CLAUDE.md */ = {isa = PBXFileReference; lastKnownFileType = net.daringfireball.markdown; path = CLAUDE.md; sourceTree = "<group>"; };
		9433050D2E662BBB008485E6 /* .gitignore */ = {isa = PBXFileReference; lastKnownFileType = text; path = .gitignore; sourceTree = "<group>"; };
		9433051E2E663366008485E6 /* Boilerplate.xctestplan */ = {isa = PBXFileReference; lastKnownFileType = text; path = Boilerplate.xctestplan; sourceTree = "<group>"; };
		943F049E2EE46FC10062A816 /* OneSignalNotificationServiceExtension.appex */ = {isa = PBXFileReference; explicitFileType = "wrapper.app-extension"; includeInIndex = 0; path = OneSignalNotificationServiceExtension.appex; sourceTree = BUILT_PRODUCTS_DIR; };
		949AD49F2EA3B3F9007FE07E /* Architecture.md */ = {isa = PBXFileReference; lastKnownFileType = net.daringfireball.markdown; path = Architecture.md; sourceTree = "<group>"; };
		949AD4A02EA3B3F9007FE07E /* Composition.md */ = {isa = PBXFileReference; lastKnownFileType = net.daringfireball.markdown; path = Composition.md; sourceTree = "<group>"; };
		949AD4A12EA3B3F9007FE07E /* DesignSystem.md */ = {isa = PBXFileReference; lastKnownFileType = net.daringfireball.markdown; path = DesignSystem.md; sourceTree = "<group>"; };
		949AD4A22EA3B3F9007FE07E /* TestingStrategy.md */ = {isa = PBXFileReference; lastKnownFileType = net.daringfireball.markdown; path = TestingStrategy.md; sourceTree = "<group>"; };
		949AD4A52EA3B3F9007FE07E /* ChatSync.md */ = {isa = PBXFileReference; lastKnownFileType = net.daringfireball.markdown; path = ChatSync.md; sourceTree = "<group>"; };
		949AD4A62EA3B3F9007FE07E /* Crashlytics.md */ = {isa = PBXFileReference; lastKnownFileType = net.daringfireball.markdown; path = Crashlytics.md; sourceTree = "<group>"; };
		949AD4A72EA3B3F9007FE07E /* ProfilePhotos.md */ = {isa = PBXFileReference; lastKnownFileType = net.daringfireball.markdown; path = ProfilePhotos.md; sourceTree = "<group>"; };
		949AD4A82EA3B3F9007FE07E /* RevenueCat.md */ = {isa = PBXFileReference; lastKnownFileType = net.daringfireball.markdown; path = RevenueCat.md; sourceTree = "<group>"; };
		949AD4A92EA3B3F9007FE07E /* Supabase.md */ = {isa = PBXFileReference; lastKnownFileType = net.daringfireball.markdown; path = Supabase.md; sourceTree = "<group>"; };
		949AD4AB2EA3B3F9007FE07E /* Changelog.md */ = {isa = PBXFileReference; lastKnownFileType = net.daringfireball.markdown; path = Changelog.md; sourceTree = "<group>"; };
		949AD4AC2EA3B3F9007FE07E /* README_PRUNE_PLAN.md */ = {isa = PBXFileReference; lastKnownFileType = net.daringfireball.markdown; path = README_PRUNE_PLAN.md; sourceTree = "<group>"; };
		949AD4AD2EA3B3F9007FE07E /* ReleaseProcess.md */ = {isa = PBXFileReference; lastKnownFileType = net.daringfireball.markdown; path = ReleaseProcess.md; sourceTree = "<group>"; };
		949AD4AF2EA3B3F9007FE07E /* 1.0.0.md */ = {isa = PBXFileReference; lastKnownFileType = net.daringfireball.markdown; path = 1.0.0.md; sourceTree = "<group>"; };
		949AD4B12EA3B3F9007FE07E /* _TEMPLATE.md */ = {isa = PBXFileReference; lastKnownFileType = net.daringfireball.markdown; path = _TEMPLATE.md; sourceTree = "<group>"; };
		949AD4B22EA3B3F9007FE07E /* AI.md */ = {isa = PBXFileReference; lastKnownFileType = net.daringfireball.markdown; path = AI.md; sourceTree = "<group>"; };
		949AD4B32EA3B3F9007FE07E /* Auth.md */ = {isa = PBXFileReference; lastKnownFileType = net.daringfireball.markdown; path = Auth.md; sourceTree = "<group>"; };
		949AD4B42EA3B3F9007FE07E /* Core.md */ = {isa = PBXFileReference; lastKnownFileType = net.daringfireball.markdown; path = Core.md; sourceTree = "<group>"; };
		949AD4B52EA3B3F9007FE07E /* DesignSystem.md */ = {isa = PBXFileReference; lastKnownFileType = net.daringfireball.markdown; path = DesignSystem.md; sourceTree = "<group>"; };
		949AD4B62EA3B3F9007FE07E /* Feature.Chat.md */ = {isa = PBXFileReference; lastKnownFileType = net.daringfireball.markdown; path = Feature.Chat.md; sourceTree = "<group>"; };
		949AD4B72EA3B3F9007FE07E /* Feature.Settings.md */ = {isa = PBXFileReference; lastKnownFileType = net.daringfireball.markdown; path = Feature.Settings.md; sourceTree = "<group>"; };
		949AD4B82EA3B3F9007FE07E /* HomeViewModule.md */ = {isa = PBXFileReference; lastKnownFileType = net.daringfireball.markdown; path = HomeViewModule.md; sourceTree = "<group>"; };
		949AD4B92EA3B3F9007FE07E /* Networking.md */ = {isa = PBXFileReference; lastKnownFileType = net.daringfireball.markdown; path = Networking.md; sourceTree = "<group>"; };
		949AD4BA2EA3B3F9007FE07E /* OnboardingModule.md */ = {isa = PBXFileReference; lastKnownFileType = net.daringfireball.markdown; path = OnboardingModule.md; sourceTree = "<group>"; };
		949AD4BB2EA3B3F9007FE07E /* Payments.md */ = {isa = PBXFileReference; lastKnownFileType = net.daringfireball.markdown; path = Payments.md; sourceTree = "<group>"; };
		949AD4BC2EA3B3F9007FE07E /* Storage.md */ = {isa = PBXFileReference; lastKnownFileType = net.daringfireball.markdown; path = Storage.md; sourceTree = "<group>"; };
		949AD4BE2EA3B3F9007FE07E /* Feature.Chat.prompts.md */ = {isa = PBXFileReference; lastKnownFileType = net.daringfireball.markdown; path = Feature.Chat.prompts.md; sourceTree = "<group>"; };
		949AD4BF2EA3B3F9007FE07E /* Feature.Payments.prompts.md */ = {isa = PBXFileReference; lastKnownFileType = net.daringfireball.markdown; path = Feature.Payments.prompts.md; sourceTree = "<group>"; };
		949AD4C02EA3B3F9007FE07E /* Feature.Settings.prompts.md */ = {isa = PBXFileReference; lastKnownFileType = net.daringfireball.markdown; path = Feature.Settings.prompts.md; sourceTree = "<group>"; };
		949AD4C12EA3B3F9007FE07E /* HomeViewModule.prompts.md */ = {isa = PBXFileReference; lastKnownFileType = net.daringfireball.markdown; path = HomeViewModule.prompts.md; sourceTree = "<group>"; };
		949AD4C22EA3B3F9007FE07E /* OnboardingModule.prompts.md */ = {isa = PBXFileReference; lastKnownFileType = net.daringfireball.markdown; path = OnboardingModule.prompts.md; sourceTree = "<group>"; };
		949AD4C32EA3B3F9007FE07E /* README.md */ = {isa = PBXFileReference; lastKnownFileType = net.daringfireball.markdown; path = README.md; sourceTree = "<group>"; };
		949AD4C52EA3B3F9007FE07E /* AppIconsAndBranding.md */ = {isa = PBXFileReference; lastKnownFileType = net.daringfireball.markdown; path = AppIconsAndBranding.md; sourceTree = "<group>"; };
		949AD4C62EA3B3F9007FE07E /* DeepLinks.md */ = {isa = PBXFileReference; lastKnownFileType = net.daringfireball.markdown; path = DeepLinks.md; sourceTree = "<group>"; };
		949AD4C72EA3B3F9007FE07E /* Theming.md */ = {isa = PBXFileReference; lastKnownFileType = net.daringfireball.markdown; path = Theming.md; sourceTree = "<group>"; };
		949AD4C82EA3B3F9007FE07E /* WhiteLabeling.md */ = {isa = PBXFileReference; lastKnownFileType = net.daringfireball.markdown; path = WhiteLabeling.md; sourceTree = "<group>"; };
		949AD4CA2EA3B3F9007FE07E /* INDEX.md */ = {isa = PBXFileReference; lastKnownFileType = net.daringfireball.markdown; path = INDEX.md; sourceTree = "<group>"; };
		94AE02FE2EA14C5A00BF72F7 /* BUILDING_YOUR_APP.md */ = {isa = PBXFileReference; lastKnownFileType = net.daringfireball.markdown; path = BUILDING_YOUR_APP.md; sourceTree = "<group>"; };
/* End PBXFileReference section */

/* Begin PBXFileSystemSynchronizedBuildFileExceptionSet section */
		943F04992EE46E300062A816 /* Exceptions for "SwiftAIBoilerplatePro" folder in "SwiftAIBoilerplatePro" target */ = {
			isa = PBXFileSystemSynchronizedBuildFileExceptionSet;
			membershipExceptions = (
				Info.plist,
			);
			target = 943304D82E6628C8008485E6 /* SwiftAIBoilerplatePro */;
		};
		943F04A92EE46FC10062A816 /* Exceptions for "OneSignalNotificationServiceExtension" folder in "OneSignalNotificationServiceExtension" target */ = {
			isa = PBXFileSystemSynchronizedBuildFileExceptionSet;
			membershipExceptions = (
				Info.plist,
			);
			target = 943F049D2EE46FC10062A816 /* OneSignalNotificationServiceExtension */;
		};
		94A03A5C2E8B1A44003E6915 /* Exceptions for "Config" folder in "SwiftAIBoilerplatePro" target */ = {
			isa = PBXFileSystemSynchronizedBuildFileExceptionSet;
			membershipExceptions = (
				App.xcconfig,
				Secrets.example.xcconfig,
				Secrets.xcconfig,
			);
			target = 943304D82E6628C8008485E6 /* SwiftAIBoilerplatePro */;
		};
/* End PBXFileSystemSynchronizedBuildFileExceptionSet section */

/* Begin PBXFileSystemSynchronizedRootGroup section */
		943304DB2E6628C8008485E6 /* SwiftAIBoilerplatePro */ = {
			isa = PBXFileSystemSynchronizedRootGroup;
			exceptions = (
				943F04992EE46E300062A816 /* Exceptions for "SwiftAIBoilerplatePro" folder in "SwiftAIBoilerplatePro" target */,
			);
			path = SwiftAIBoilerplatePro;
			sourceTree = "<group>";
		};
		943304EB2E6628CA008485E6 /* SwiftAIBoilerplateProTests */ = {
			isa = PBXFileSystemSynchronizedRootGroup;
			path = SwiftAIBoilerplateProTests;
			sourceTree = "<group>";
		};
		943304F52E6628CA008485E6 /* SwiftAIBoilerplateProUITests */ = {
			isa = PBXFileSystemSynchronizedRootGroup;
			path = SwiftAIBoilerplateProUITests;
			sourceTree = "<group>";
		};
		943305122E663026008485E6 /* Config */ = {
			isa = PBXFileSystemSynchronizedRootGroup;
			exceptions = (
				94A03A5C2E8B1A44003E6915 /* Exceptions for "Config" folder in "SwiftAIBoilerplatePro" target */,
			);
			path = Config;
			sourceTree = "<group>";
		};
		943305202E6634C1008485E6 /* Packages */ = {
			isa = PBXFileSystemSynchronizedRootGroup;
			path = Packages;
			sourceTree = "<group>";
		};
		943F049F2EE46FC10062A816 /* OneSignalNotificationServiceExtension */ = {
			isa = PBXFileSystemSynchronizedRootGroup;
			exceptions = (
				943F04A92EE46FC10062A816 /* Exceptions for "OneSignalNotificationServiceExtension" folder in "OneSignalNotificationServiceExtension" target */,
			);
			path = OneSignalNotificationServiceExtension;
			sourceTree = "<group>";
		};
/* End PBXFileSystemSynchronizedRootGroup section */

/* Begin PBXFrameworksBuildPhase section */
		943304D62E6628C8008485E6 /* Frameworks */ = {
			isa = PBXFrameworksBuildPhase;
			buildActionMask = 2147483647;
			files = (
				944C4DF82F8BDB2E00E2488D /* FeatureRating in Frameworks */,
				94A03A532E8B173B003E6915 /* FeatureChat in Frameworks */,
				94A03A592E8B173B003E6915 /* Payments in Frameworks */,
				94A03A4D2E8B173B003E6915 /* Auth in Frameworks */,
				94A03A552E8B173B003E6915 /* FeatureSettings in Frameworks */,
				943F04B02EE5E1500062A816 /* OneSignalFramework in Frameworks */,
				94A03A4B2E8B173B003E6915 /* AI in Frameworks */,
				94A03A4F2E8B173B003E6915 /* Core in Frameworks */,
				94A03A5B2E8B173B003E6915 /* Storage in Frameworks */,
				94A03A572E8B173B003E6915 /* Networking in Frameworks */,
				94A03A512E8B173B003E6915 /* DesignSystem in Frameworks */,
			);
			runOnlyForDeploymentPostprocessing = 0;
		};
		943304E52E6628CA008485E6 /* Frameworks */ = {
			isa = PBXFrameworksBuildPhase;
			buildActionMask = 2147483647;
			files = (
			);
			runOnlyForDeploymentPostprocessing = 0;
		};
		943304EF2E6628CA008485E6 /* Frameworks */ = {
			isa = PBXFrameworksBuildPhase;
			buildActionMask = 2147483647;
			files = (
			);
			runOnlyForDeploymentPostprocessing = 0;
		};
		943F049B2EE46FC10062A816 /* Frameworks */ = {
			isa = PBXFrameworksBuildPhase;
			buildActionMask = 2147483647;
			files = (
				943F04AE2EE5E1500062A816 /* OneSignalExtension in Frameworks */,
			);
			runOnlyForDeploymentPostprocessing = 0;
		};
/* End PBXFrameworksBuildPhase section */

/* Begin PBXGroup section */
		943304D02E6628C8008485E6 = {
			isa = PBXGroup;
			children = (
				943305202E6634C1008485E6 /* Packages */,
				9433051E2E663366008485E6 /* Boilerplate.xctestplan */,
				943305122E663026008485E6 /* Config */,
				9433050D2E662BBB008485E6 /* .gitignore */,
				949AD4CB2EA3B3F9007FE07E /* docs */,
				943305052E662910008485E6 /* README.md */,
				943304DB2E6628C8008485E6 /* SwiftAIBoilerplatePro */,
				943304EB2E6628CA008485E6 /* SwiftAIBoilerplateProTests */,
				943304F52E6628CA008485E6 /* SwiftAIBoilerplateProUITests */,
				943F049F2EE46FC10062A816 /* OneSignalNotificationServiceExtension */,
				945DFD6A2E6769750048EEE2 /* Frameworks */,
				943304DA2E6628C8008485E6 /* Products */,
			);
			sourceTree = "<group>";
		};
		943304DA2E6628C8008485E6 /* Products */ = {
			isa = PBXGroup;
			children = (
				943304D92E6628C8008485E6 /* SwiftAIBoilerplatePro.app */,
				943304E82E6628CA008485E6 /* SwiftAIBoilerplateProTests.xctest */,
				943304F22E6628CA008485E6 /* SwiftAIBoilerplateProUITests.xctest */,
				943F049E2EE46FC10062A816 /* OneSignalNotificationServiceExtension.appex */,
			);
			name = Products;
			sourceTree = "<group>";
		};
		945DFD6A2E6769750048EEE2 /* Frameworks */ = {
			isa = PBXGroup;
			children = (
			);
			name = Frameworks;
			sourceTree = "<group>";
		};
		949AD4A32EA3B3F9007FE07E /* foundations */ = {
			isa = PBXGroup;
			children = (
				949AD49F2EA3B3F9007FE07E /* Architecture.md */,
				949AD4A02EA3B3F9007FE07E /* Composition.md */,
				949AD4A12EA3B3F9007FE07E /* DesignSystem.md */,
				949AD4A22EA3B3F9007FE07E /* TestingStrategy.md */,
			);
			path = foundations;
			sourceTree = "<group>";
		};
		949AD4AA2EA3B3F9007FE07E /* integrations */ = {
			isa = PBXGroup;
			children = (
				949AD4A52EA3B3F9007FE07E /* ChatSync.md */,
				949AD4A62EA3B3F9007FE07E /* Crashlytics.md */,
				949AD4A72EA3B3F9007FE07E /* ProfilePhotos.md */,
				949AD4A82EA3B3F9007FE07E /* RevenueCat.md */,
				949AD4A92EA3B3F9007FE07E /* Supabase.md */,
			);
			path = integrations;
			sourceTree = "<group>";
		};
		949AD4AE2EA3B3F9007FE07E /* maintenance */ = {
			isa = PBXGroup;
			children = (
				949AD4AB2EA3B3F9007FE07E /* Changelog.md */,
				949AD4AC2EA3B3F9007FE07E /* README_PRUNE_PLAN.md */,
				949AD4AD2EA3B3F9007FE07E /* ReleaseProcess.md */,
			);
			path = maintenance;
			sourceTree = "<group>";
		};
		949AD4B02EA3B3F9007FE07E /* migrations */ = {
			isa = PBXGroup;
			children = (
				949AD4AF2EA3B3F9007FE07E /* 1.0.0.md */,
			);
			path = migrations;
			sourceTree = "<group>";
		};
		949AD4BD2EA3B3F9007FE07E /* modules */ = {
			isa = PBXGroup;
			children = (
				949AD4B12EA3B3F9007FE07E /* _TEMPLATE.md */,
				949AD4B22EA3B3F9007FE07E /* AI.md */,
				949AD4B32EA3B3F9007FE07E /* Auth.md */,
				949AD4B42EA3B3F9007FE07E /* Core.md */,
				949AD4B52EA3B3F9007FE07E /* DesignSystem.md */,
				949AD4B62EA3B3F9007FE07E /* Feature.Chat.md */,
				949AD4B72EA3B3F9007FE07E /* Feature.Settings.md */,
				949AD4B82EA3B3F9007FE07E /* HomeViewModule.md */,
				949AD4B92EA3B3F9007FE07E /* Networking.md */,
				949AD4BA2EA3B3F9007FE07E /* OnboardingModule.md */,
				949AD4BB2EA3B3F9007FE07E /* Payments.md */,
				949AD4BC2EA3B3F9007FE07E /* Storage.md */,
			);
			path = modules;
			sourceTree = "<group>";
		};
		949AD4C42EA3B3F9007FE07E /* prompts */ = {
			isa = PBXGroup;
			children = (
				949AD4BE2EA3B3F9007FE07E /* Feature.Chat.prompts.md */,
				949AD4BF2EA3B3F9007FE07E /* Feature.Payments.prompts.md */,
				949AD4C02EA3B3F9007FE07E /* Feature.Settings.prompts.md */,
				949AD4C12EA3B3F9007FE07E /* HomeViewModule.prompts.md */,
				949AD4C22EA3B3F9007FE07E /* OnboardingModule.prompts.md */,
				949AD4C32EA3B3F9007FE07E /* README.md */,
			);
			path = prompts;
			sourceTree = "<group>";
		};
		949AD4C92EA3B3F9007FE07E /* recipes */ = {
			isa = PBXGroup;
			children = (
				949AD4C52EA3B3F9007FE07E /* AppIconsAndBranding.md */,
				949AD4C62EA3B3F9007FE07E /* DeepLinks.md */,
				949AD4C72EA3B3F9007FE07E /* Theming.md */,
				949AD4C82EA3B3F9007FE07E /* WhiteLabeling.md */,
			);
			path = recipes;
			sourceTree = "<group>";
		};
		949AD4CB2EA3B3F9007FE07E /* docs */ = {
			isa = PBXGroup;
			children = (
				949AD4A32EA3B3F9007FE07E /* foundations */,
				949AD4AA2EA3B3F9007FE07E /* integrations */,
				949AD4AE2EA3B3F9007FE07E /* maintenance */,
				949AD4B02EA3B3F9007FE07E /* migrations */,
				949AD4BD2EA3B3F9007FE07E /* modules */,
				949AD4C42EA3B3F9007FE07E /* prompts */,
				949AD4C92EA3B3F9007FE07E /* recipes */,
				949AD4CA2EA3B3F9007FE07E /* INDEX.md */,
				943305072E662940008485E6 /* CLAUDE.md */,
				94AE02FE2EA14C5A00BF72F7 /* BUILDING_YOUR_APP.md */,
			);
			path = docs;
			sourceTree = "<group>";
		};
/* End PBXGroup section */

/* Begin PBXNativeTarget section */
		943304D82E6628C8008485E6 /* SwiftAIBoilerplatePro */ = {
			isa = PBXNativeTarget;
			buildConfigurationList = 943304FC2E6628CA008485E6 /* Build configuration list for PBXNativeTarget "SwiftAIBoilerplatePro" */;
			buildPhases = (
				943304D52E6628C8008485E6 /* Sources */,
				943304D62E6628C8008485E6 /* Frameworks */,
				943304D72E6628C8008485E6 /* Resources */,
				943F04AA2EE46FC10062A816 /* Embed Foundation Extensions */,
			);
			buildRules = (
			);
			dependencies = (
				943F04A42EE46FC10062A816 /* PBXTargetDependency */,
			);
			fileSystemSynchronizedGroups = (
				943304DB2E6628C8008485E6 /* SwiftAIBoilerplatePro */,
				943305122E663026008485E6 /* Config */,
				943305202E6634C1008485E6 /* Packages */,
			);
			name = SwiftAIBoilerplatePro;
			packageProductDependencies = (
				94A03A4A2E8B173B003E6915 /* AI */,
				94A03A4C2E8B173B003E6915 /* Auth */,
				94A03A4E2E8B173B003E6915 /* Core */,
				94A03A502E8B173B003E6915 /* DesignSystem */,
				94A03A522E8B173B003E6915 /* FeatureChat */,
				94A03A5C2E8B173B003E6915 /* FeatureRating */,
				94A03A542E8B173B003E6915 /* FeatureSettings */,
				94A03A562E8B173B003E6915 /* Networking */,
				94A03A582E8B173B003E6915 /* Payments */,
				94A03A5A2E8B173B003E6915 /* Storage */,
				943F04AF2EE5E1500062A816 /* OneSignalFramework */,
			);
			productName = "Brand-Ready AI Assistant — Native Swift Boilerplate";
			productReference = 943304D92E6628C8008485E6 /* SwiftAIBoilerplatePro.app */;
			productType = "com.apple.product-type.application";
		};
		943304E72E6628CA008485E6 /* SwiftAIBoilerplateProTests */ = {
			isa = PBXNativeTarget;
			buildConfigurationList = 943304FF2E6628CA008485E6 /* Build configuration list for PBXNativeTarget "SwiftAIBoilerplateProTests" */;
			buildPhases = (
				943304E42E6628CA008485E6 /* Sources */,
				943304E52E6628CA008485E6 /* Frameworks */,
				943304E62E6628CA008485E6 /* Resources */,
			);
			buildRules = (
			);
			dependencies = (
				943304EA2E6628CA008485E6 /* PBXTargetDependency */,
			);
			fileSystemSynchronizedGroups = (
				943304EB2E6628CA008485E6 /* SwiftAIBoilerplateProTests */,
			);
			name = SwiftAIBoilerplateProTests;
			packageProductDependencies = (
			);
			productName = "Brand-Ready AI Assistant — Native Swift BoilerplateTests";
			productReference = 943304E82E6628CA008485E6 /* SwiftAIBoilerplateProTests.xctest */;
			productType = "com.apple.product-type.bundle.unit-test";
		};
		943304F12E6628CA008485E6 /* SwiftAIBoilerplateProUITests */ = {
			isa = PBXNativeTarget;
			buildConfigurationList = 943305022E6628CA008485E6 /* Build configuration list for PBXNativeTarget "SwiftAIBoilerplateProUITests" */;
			buildPhases = (
				943304EE2E6628CA008485E6 /* Sources */,
				943304EF2E6628CA008485E6 /* Frameworks */,
				943304F02E6628CA008485E6 /* Resources */,
			);
			buildRules = (
			);
			dependencies = (
				943304F42E6628CA008485E6 /* PBXTargetDependency */,
			);
			fileSystemSynchronizedGroups = (
				943304F52E6628CA008485E6 /* SwiftAIBoilerplateProUITests */,
			);
			name = SwiftAIBoilerplateProUITests;
			packageProductDependencies = (
			);
			productName = "Brand-Ready AI Assistant — Native Swift BoilerplateUITests";
			productReference = 943304F22E6628CA008485E6 /* SwiftAIBoilerplateProUITests.xctest */;
			productType = "com.apple.product-type.bundle.ui-testing";
		};
		943F049D2EE46FC10062A816 /* OneSignalNotificationServiceExtension */ = {
			isa = PBXNativeTarget;
			buildConfigurationList = 943F04A62EE46FC10062A816 /* Build configuration list for PBXNativeTarget "OneSignalNotificationServiceExtension" */;
			buildPhases = (
				943F049A2EE46FC10062A816 /* Sources */,
				943F049B2EE46FC10062A816 /* Frameworks */,
				943F049C2EE46FC10062A816 /* Resources */,
			);
			buildRules = (
			);
			dependencies = (
			);
			fileSystemSynchronizedGroups = (
				943F049F2EE46FC10062A816 /* OneSignalNotificationServiceExtension */,
			);
			name = OneSignalNotificationServiceExtension;
			packageProductDependencies = (
				943F04AD2EE5E1500062A816 /* OneSignalExtension */,
			);
			productName = OneSignalNotificationServiceExtension;
			productReference = 943F049E2EE46FC10062A816 /* OneSignalNotificationServiceExtension.appex */;
			productType = "com.apple.product-type.app-extension";
		};
/* End PBXNativeTarget section */

/* Begin PBXProject section */
		943304D12E6628C8008485E6 /* Project object */ = {
			isa = PBXProject;
			attributes = {
				BuildIndependentTargetsInParallel = 1;
				LastSwiftUpdateCheck = 2610;
				LastUpgradeCheck = 2600;
				TargetAttributes = {
					943304D82E6628C8008485E6 = {
						CreatedOnToolsVersion = 16.4;
					};
					943304E72E6628CA008485E6 = {
						CreatedOnToolsVersion = 16.4;
						TestTargetID = 943304D82E6628C8008485E6;
					};
					943304F12E6628CA008485E6 = {
						CreatedOnToolsVersion = 16.4;
						TestTargetID = 943304D82E6628C8008485E6;
					};
					943F049D2EE46FC10062A816 = {
						CreatedOnToolsVersion = 26.1.1;
					};
				};
			};
			buildConfigurationList = 943304D42E6628C8008485E6 /* Build configuration list for PBXProject "SwiftAIBoilerplatePro" */;
			developmentRegion = en;
			hasScannedForEncodings = 0;
			knownRegions = (
				en,
				Base,
			);
			mainGroup = 943304D02E6628C8008485E6;
			minimizedProjectReferenceProxies = 1;
			packageReferences = (
				943F04AC2EE5E1500062A816 /* XCRemoteSwiftPackageReference "OneSignal-iOS-SDK" */,
			);
			preferredProjectObjectVersion = 77;
			productRefGroup = 943304DA2E6628C8008485E6 /* Products */;
			projectDirPath = "";
			projectRoot = "";
			targets = (
				943304D82E6628C8008485E6 /* SwiftAIBoilerplatePro */,
				943304E72E6628CA008485E6 /* SwiftAIBoilerplateProTests */,
				943304F12E6628CA008485E6 /* SwiftAIBoilerplateProUITests */,
				943F049D2EE46FC10062A816 /* OneSignalNotificationServiceExtension */,
			);
		};
/* End PBXProject section */

/* Begin PBXResourcesBuildPhase section */
		943304D72E6628C8008485E6 /* Resources */ = {
			isa = PBXResourcesBuildPhase;
			buildActionMask = 2147483647;
			files = (
				9433051F2E663366008485E6 /* Boilerplate.xctestplan in Resources */,
				9433050E2E662BC0008485E6 /* .gitignore in Resources */,
			);
			runOnlyForDeploymentPostprocessing = 0;
		};
		943304E62E6628CA008485E6 /* Resources */ = {
			isa = PBXResourcesBuildPhase;
			buildActionMask = 2147483647;
			files = (
			);
			runOnlyForDeploymentPostprocessing = 0;
		};
		943304F02E6628CA008485E6 /* Resources */ = {
			isa = PBXResourcesBuildPhase;
			buildActionMask = 2147483647;
			files = (
			);
			runOnlyForDeploymentPostprocessing = 0;
		};
		943F049C2EE46FC10062A816 /* Resources */ = {
			isa = PBXResourcesBuildPhase;
			buildActionMask = 2147483647;
			files = (
			);
			runOnlyForDeploymentPostprocessing = 0;
		};
/* End PBXResourcesBuildPhase section */

/* Begin PBXSourcesBuildPhase section */
		943304D52E6628C8008485E6 /* Sources */ = {
			isa = PBXSourcesBuildPhase;
			buildActionMask = 2147483647;
			files = (
			);
			runOnlyForDeploymentPostprocessing = 0;
		};
		943304E42E6628CA008485E6 /* Sources */ = {
			isa = PBXSourcesBuildPhase;
			buildActionMask = 2147483647;
			files = (
			);
			runOnlyForDeploymentPostprocessing = 0;
		};
		943304EE2E6628CA008485E6 /* Sources */ = {
			isa = PBXSourcesBuildPhase;
			buildActionMask = 2147483647;
			files = (
			);
			runOnlyForDeploymentPostprocessing = 0;
		};
		943F049A2EE46FC10062A816 /* Sources */ = {
			isa = PBXSourcesBuildPhase;
			buildActionMask = 2147483647;
			files = (
			);
			runOnlyForDeploymentPostprocessing = 0;
		};
/* End PBXSourcesBuildPhase section */

/* Begin PBXTargetDependency section */
		943304EA2E6628CA008485E6 /* PBXTargetDependency */ = {
			isa = PBXTargetDependency;
			target = 943304D82E6628C8008485E6 /* SwiftAIBoilerplatePro */;
			targetProxy = 943304E92E6628CA008485E6 /* PBXContainerItemProxy */;
		};
		943304F42E6628CA008485E6 /* PBXTargetDependency */ = {
			isa = PBXTargetDependency;
			target = 943304D82E6628C8008485E6 /* SwiftAIBoilerplatePro */;
			targetProxy = 943304F32E6628CA008485E6 /* PBXContainerItemProxy */;
		};
		943F04A42EE46FC10062A816 /* PBXTargetDependency */ = {
			isa = PBXTargetDependency;
			target = 943F049D2EE46FC10062A816 /* OneSignalNotificationServiceExtension */;
			targetProxy = 943F04A32EE46FC10062A816 /* PBXContainerItemProxy */;
		};
/* End PBXTargetDependency section */

/* Begin XCBuildConfiguration section */
		943304FA2E6628CA008485E6 /* Debug */ = {
			isa = XCBuildConfiguration;
			baseConfigurationReferenceAnchor = 943305122E663026008485E6 /* Config */;
			baseConfigurationReferenceRelativePath = App.xcconfig;
			buildSettings = {
				ALWAYS_SEARCH_USER_PATHS = NO;
				ASSETCATALOG_COMPILER_GENERATE_SWIFT_ASSET_SYMBOL_EXTENSIONS = YES;
				CLANG_ANALYZER_NONNULL = YES;
				CLANG_ANALYZER_NUMBER_OBJECT_CONVERSION = YES_AGGRESSIVE;
				CLANG_CXX_LANGUAGE_STANDARD = "gnu++20";
				CLANG_ENABLE_MODULES = YES;
				CLANG_ENABLE_OBJC_ARC = YES;
				CLANG_ENABLE_OBJC_WEAK = YES;
				CLANG_WARN_BLOCK_CAPTURE_AUTORELEASING = YES;
				CLANG_WARN_BOOL_CONVERSION = YES;
				CLANG_WARN_COMMA = YES;
				CLANG_WARN_CONSTANT_CONVERSION = YES;
				CLANG_WARN_DEPRECATED_OBJC_IMPLEMENTATIONS = YES;
				CLANG_WARN_DIRECT_OBJC_ISA_USAGE = YES_ERROR;
				CLANG_WARN_DOCUMENTATION_COMMENTS = YES;
				CLANG_WARN_EMPTY_BODY = YES;
				CLANG_WARN_ENUM_CONVERSION = YES;
				CLANG_WARN_INFINITE_RECURSION = YES;
				CLANG_WARN_INT_CONVERSION = YES;
				CLANG_WARN_NON_LITERAL_NULL_CONVERSION = YES;
				CLANG_WARN_OBJC_IMPLICIT_RETAIN_SELF = YES;
				CLANG_WARN_OBJC_LITERAL_CONVERSION = YES;
				CLANG_WARN_OBJC_ROOT_CLASS = YES_ERROR;
				CLANG_WARN_QUOTED_INCLUDE_IN_FRAMEWORK_HEADER = YES;
				CLANG_WARN_RANGE_LOOP_ANALYSIS = YES;
				CLANG_WARN_STRICT_PROTOTYPES = YES;
				CLANG_WARN_SUSPICIOUS_MOVE = YES;
				CLANG_WARN_UNGUARDED_AVAILABILITY = YES_AGGRESSIVE;
				CLANG_WARN_UNREACHABLE_CODE = YES;
				CLANG_WARN__DUPLICATE_METHOD_MATCH = YES;
				COPY_PHASE_STRIP = NO;
				DEBUG_INFORMATION_FORMAT = dwarf;
				DEVELOPMENT_TEAM = LL4Y637Z4Y;
				ENABLE_STRICT_OBJC_MSGSEND = YES;
				ENABLE_TESTABILITY = YES;
				ENABLE_USER_SCRIPT_SANDBOXING = YES;
				GCC_C_LANGUAGE_STANDARD = gnu17;
				GCC_DYNAMIC_NO_PIC = NO;
				GCC_NO_COMMON_BLOCKS = YES;
				GCC_OPTIMIZATION_LEVEL = 0;
				GCC_PREPROCESSOR_DEFINITIONS = (
					"DEBUG=1",
					"$(inherited)",
				);
				GCC_WARN_64_TO_32_BIT_CONVERSION = YES;
				GCC_WARN_ABOUT_RETURN_TYPE = YES_ERROR;
				GCC_WARN_UNDECLARED_SELECTOR = YES;
				GCC_WARN_UNINITIALIZED_AUTOS = YES_AGGRESSIVE;
				GCC_WARN_UNUSED_FUNCTION = YES;
				GCC_WARN_UNUSED_VARIABLE = YES;
				IPHONEOS_DEPLOYMENT_TARGET = 18.5;
				LOCALIZATION_PREFERS_STRING_CATALOGS = YES;
				MTL_ENABLE_DEBUG_INFO = INCLUDE_SOURCE;
				MTL_FAST_MATH = YES;
				ONLY_ACTIVE_ARCH = YES;
				SDKROOT = iphoneos;
				STRING_CATALOG_GENERATE_SYMBOLS = YES;
				SWIFT_ACTIVE_COMPILATION_CONDITIONS = "DEBUG $(inherited)";
				SWIFT_OPTIMIZATION_LEVEL = "-Onone";
			};
			name = Debug;
		};
		943304FB2E6628CA008485E6 /* Release */ = {
			isa = XCBuildConfiguration;
			baseConfigurationReferenceAnchor = 943305122E663026008485E6 /* Config */;
			baseConfigurationReferenceRelativePath = App.xcconfig;
			buildSettings = {
				ALWAYS_SEARCH_USER_PATHS = NO;
				ASSETCATALOG_COMPILER_GENERATE_SWIFT_ASSET_SYMBOL_EXTENSIONS = YES;
				CLANG_ANALYZER_NONNULL = YES;
				CLANG_ANALYZER_NUMBER_OBJECT_CONVERSION = YES_AGGRESSIVE;
				CLANG_CXX_LANGUAGE_STANDARD = "gnu++20";
				CLANG_ENABLE_MODULES = YES;
				CLANG_ENABLE_OBJC_ARC = YES;
				CLANG_ENABLE_OBJC_WEAK = YES;
				CLANG_WARN_BLOCK_CAPTURE_AUTORELEASING = YES;
				CLANG_WARN_BOOL_CONVERSION = YES;
				CLANG_WARN_COMMA = YES;
				CLANG_WARN_CONSTANT_CONVERSION = YES;
				CLANG_WARN_DEPRECATED_OBJC_IMPLEMENTATIONS = YES;
				CLANG_WARN_DIRECT_OBJC_ISA_USAGE = YES_ERROR;
				CLANG_WARN_DOCUMENTATION_COMMENTS = YES;
				CLANG_WARN_EMPTY_BODY = YES;
				CLANG_WARN_ENUM_CONVERSION = YES;
				CLANG_WARN_INFINITE_RECURSION = YES;
				CLANG_WARN_INT_CONVERSION = YES;
				CLANG_WARN_NON_LITERAL_NULL_CONVERSION = YES;
				CLANG_WARN_OBJC_IMPLICIT_RETAIN_SELF = YES;
				CLANG_WARN_OBJC_LITERAL_CONVERSION = YES;
				CLANG_WARN_OBJC_ROOT_CLASS = YES_ERROR;
				CLANG_WARN_QUOTED_INCLUDE_IN_FRAMEWORK_HEADER = YES;
				CLANG_WARN_RANGE_LOOP_ANALYSIS = YES;
				CLANG_WARN_STRICT_PROTOTYPES = YES;
				CLANG_WARN_SUSPICIOUS_MOVE = YES;
				CLANG_WARN_UNGUARDED_AVAILABILITY = YES_AGGRESSIVE;
				CLANG_WARN_UNREACHABLE_CODE = YES;
				CLANG_WARN__DUPLICATE_METHOD_MATCH = YES;
				COPY_PHASE_STRIP = NO;
				DEBUG_INFORMATION_FORMAT = "dwarf-with-dsym";
				DEVELOPMENT_TEAM = LL4Y637Z4Y;
				ENABLE_NS_ASSERTIONS = NO;
				ENABLE_STRICT_OBJC_MSGSEND = YES;
				ENABLE_USER_SCRIPT_SANDBOXING = YES;
				GCC_C_LANGUAGE_STANDARD = gnu17;
				GCC_NO_COMMON_BLOCKS = YES;
				GCC_WARN_64_TO_32_BIT_CONVERSION = YES;
				GCC_WARN_ABOUT_RETURN_TYPE = YES_ERROR;
				GCC_WARN_UNDECLARED_SELECTOR = YES;
				GCC_WARN_UNINITIALIZED_AUTOS = YES_AGGRESSIVE;
				GCC_WARN_UNUSED_FUNCTION = YES;
				GCC_WARN_UNUSED_VARIABLE = YES;
				IPHONEOS_DEPLOYMENT_TARGET = 18.5;
				LOCALIZATION_PREFERS_STRING_CATALOGS = YES;
				MTL_ENABLE_DEBUG_INFO = NO;
				MTL_FAST_MATH = YES;
				SDKROOT = iphoneos;
				STRING_CATALOG_GENERATE_SYMBOLS = YES;
				SWIFT_COMPILATION_MODE = wholemodule;
				VALIDATE_PRODUCT = YES;
			};
			name = Release;
		};
		943304FD2E6628CA008485E6 /* Debug */ = {
			isa = XCBuildConfiguration;
			baseConfigurationReferenceAnchor = 943305122E663026008485E6 /* Config */;
			baseConfigurationReferenceRelativePath = App.xcconfig;
			buildSettings = {
				ASSETCATALOG_COMPILER_APPICON_NAME = AppIcon;
				ASSETCATALOG_COMPILER_GLOBAL_ACCENT_COLOR_NAME = AccentColor;
				CODE_SIGN_ENTITLEMENTS = SwiftAIBoilerplatePro/SwiftAIBoilerplatePro.entitlements;
				CODE_SIGN_IDENTITY = "Apple Development";
				CODE_SIGN_STYLE = Automatic;
				CURRENT_PROJECT_VERSION = 1;
				DEVELOPMENT_TEAM = LL4Y637Z4Y;
				ENABLE_PREVIEWS = YES;
				GENERATE_INFOPLIST_FILE = YES;
				INFOPLIST_FILE = SwiftAIBoilerplatePro/Info.plist;
				INFOPLIST_KEY_UIApplicationSceneManifest_Generation = YES;
				INFOPLIST_KEY_UIApplicationSupportsIndirectInputEvents = YES;
				"INFOPLIST_KEY_UILaunchScreen_UIColorName[sdk=*]" = Background;
				"INFOPLIST_KEY_UILaunchScreen_UIImageName[sdk=*]" = LaunchLogo;
				INFOPLIST_KEY_UILaunchScreen_UIImageRespectsSafeAreaInsets = YES;
				INFOPLIST_KEY_UILaunchStoryboardName = "Launch Screen";
				INFOPLIST_KEY_UISupportedInterfaceOrientations_iPad = "UIInterfaceOrientationPortrait UIInterfaceOrientationPortraitUpsideDown UIInterfaceOrientationLandscapeLeft UIInterfaceOrientationLandscapeRight";
				INFOPLIST_KEY_UISupportedInterfaceOrientations_iPhone = "UIInterfaceOrientationPortrait UIInterfaceOrientationLandscapeLeft UIInterfaceOrientationLandscapeRight";
				IPHONEOS_DEPLOYMENT_TARGET = 17.6;
				LD_RUNPATH_SEARCH_PATHS = (
					"$(inherited)",
					"@executable_path/Frameworks",
				);
				MARKETING_VERSION = 1.0;
				PRODUCT_BUNDLE_IDENTIFIER = com.berkin.SwiftAIBoilerplatePro;
				PRODUCT_NAME = "$(TARGET_NAME)";
				PROVISIONING_PROFILE_SPECIFIER = "";
				SWIFT_EMIT_LOC_STRINGS = YES;
				SWIFT_VERSION = 6.0;
				TARGETED_DEVICE_FAMILY = "1,2";
			};
			name = Debug;
		};
		943304FE2E6628CA008485E6 /* Release */ = {
			isa = XCBuildConfiguration;
			baseConfigurationReferenceAnchor = 943305122E663026008485E6 /* Config */;
			baseConfigurationReferenceRelativePath = App.xcconfig;
			buildSettings = {
				ASSETCATALOG_COMPILER_APPICON_NAME = AppIcon;
				ASSETCATALOG_COMPILER_GLOBAL_ACCENT_COLOR_NAME = AccentColor;
				CODE_SIGN_ENTITLEMENTS = SwiftAIBoilerplatePro/SwiftAIBoilerplatePro.entitlements;
				CODE_SIGN_IDENTITY = "Apple Development";
				CODE_SIGN_STYLE = Automatic;
				CURRENT_PROJECT_VERSION = 1;
				DEVELOPMENT_TEAM = LL4Y637Z4Y;
				ENABLE_PREVIEWS = YES;
				GENERATE_INFOPLIST_FILE = YES;
				INFOPLIST_FILE = SwiftAIBoilerplatePro/Info.plist;
				INFOPLIST_KEY_UIApplicationSceneManifest_Generation = YES;
				INFOPLIST_KEY_UIApplicationSupportsIndirectInputEvents = YES;
				"INFOPLIST_KEY_UILaunchScreen_UIColorName[sdk=*]" = Background;
				"INFOPLIST_KEY_UILaunchScreen_UIImageName[sdk=*]" = LaunchLogo;
				INFOPLIST_KEY_UILaunchScreen_UIImageRespectsSafeAreaInsets = YES;
				INFOPLIST_KEY_UILaunchStoryboardName = "Launch Screen";
				INFOPLIST_KEY_UISupportedInterfaceOrientations_iPad = "UIInterfaceOrientationPortrait UIInterfaceOrientationPortraitUpsideDown UIInterfaceOrientationLandscapeLeft UIInterfaceOrientationLandscapeRight";
				INFOPLIST_KEY_UISupportedInterfaceOrientations_iPhone = "UIInterfaceOrientationPortrait UIInterfaceOrientationLandscapeLeft UIInterfaceOrientationLandscapeRight";
				IPHONEOS_DEPLOYMENT_TARGET = 17.6;
				LD_RUNPATH_SEARCH_PATHS = (
					"$(inherited)",
					"@executable_path/Frameworks",
				);
				MARKETING_VERSION = 1.0;
				PRODUCT_BUNDLE_IDENTIFIER = com.berkin.SwiftAIBoilerplatePro;
				PRODUCT_NAME = "$(TARGET_NAME)";
				PROVISIONING_PROFILE_SPECIFIER = "";
				SWIFT_EMIT_LOC_STRINGS = YES;
				SWIFT_VERSION = 6.0;
				TARGETED_DEVICE_FAMILY = "1,2";
			};
			name = Release;
		};
		943305002E6628CA008485E6 /* Debug */ = {
			isa = XCBuildConfiguration;
			baseConfigurationReferenceAnchor = 943305122E663026008485E6 /* Config */;
			baseConfigurationReferenceRelativePath = App.xcconfig;
			buildSettings = {
				BUNDLE_LOADER = "$(TEST_HOST)";
				CODE_SIGN_STYLE = Automatic;
				CURRENT_PROJECT_VERSION = 1;
				DEVELOPMENT_TEAM = LL4Y637Z4Y;
				GENERATE_INFOPLIST_FILE = YES;
				IPHONEOS_DEPLOYMENT_TARGET = 18.5;
				MARKETING_VERSION = 1.0;
				PRODUCT_BUNDLE_IDENTIFIER = "com.berkin.meLog.Brand-Ready-AI-Assistant---Native-Swift-BoilerplateTests";
				PRODUCT_NAME = "$(TARGET_NAME)";
				SWIFT_EMIT_LOC_STRINGS = NO;
				SWIFT_VERSION = 6.0;
				TARGETED_DEVICE_FAMILY = "1,2";
				TEST_HOST = "$(BUILT_PRODUCTS_DIR)/SwiftAIBoilerplatePro.app/$(BUNDLE_EXECUTABLE_FOLDER_PATH)/SwiftAIBoilerplatePro";
			};
			name = Debug;
		};
		943305012E6628CA008485E6 /* Release */ = {
			isa = XCBuildConfiguration;
			baseConfigurationReferenceAnchor = 943305122E663026008485E6 /* Config */;
			baseConfigurationReferenceRelativePath = App.xcconfig;
			buildSettings = {
				BUNDLE_LOADER = "$(TEST_HOST)";
				CODE_SIGN_STYLE = Automatic;
				CURRENT_PROJECT_VERSION = 1;
				DEVELOPMENT_TEAM = LL4Y637Z4Y;
				GENERATE_INFOPLIST_FILE = YES;
				IPHONEOS_DEPLOYMENT_TARGET = 18.5;
				MARKETING_VERSION = 1.0;
				PRODUCT_BUNDLE_IDENTIFIER = "com.berkin.meLog.Brand-Ready-AI-Assistant---Native-Swift-BoilerplateTests";
				PRODUCT_NAME = "$(TARGET_NAME)";
				SWIFT_EMIT_LOC_STRINGS = NO;
				SWIFT_VERSION = 6.0;
				TARGETED_DEVICE_FAMILY = "1,2";
				TEST_HOST = "$(BUILT_PRODUCTS_DIR)/SwiftAIBoilerplatePro.app/$(BUNDLE_EXECUTABLE_FOLDER_PATH)/SwiftAIBoilerplatePro";
			};
			name = Release;
		};
		943305032E6628CA008485E6 /* Debug */ = {
			isa = XCBuildConfiguration;
			baseConfigurationReferenceAnchor = 943305122E663026008485E6 /* Config */;
			baseConfigurationReferenceRelativePath = App.xcconfig;
			buildSettings = {
				CODE_SIGN_STYLE = Automatic;
				CURRENT_PROJECT_VERSION = 1;
				DEVELOPMENT_TEAM = LL4Y637Z4Y;
				GENERATE_INFOPLIST_FILE = YES;
				MARKETING_VERSION = 1.0;
				PRODUCT_BUNDLE_IDENTIFIER = "com.berkin.meLog.Brand-Ready-AI-Assistant---Native-Swift-BoilerplateUITests";
				PRODUCT_NAME = "$(TARGET_NAME)";
				SWIFT_EMIT_LOC_STRINGS = NO;
				SWIFT_VERSION = 6.0;
				TARGETED_DEVICE_FAMILY = "1,2";
				TEST_TARGET_NAME = "Brand-Ready AI Assistant — Native Swift Boilerplate";
			};
			name = Debug;
		};
		943305042E6628CA008485E6 /* Release */ = {
			isa = XCBuildConfiguration;
			baseConfigurationReferenceAnchor = 943305122E663026008485E6 /* Config */;
			baseConfigurationReferenceRelativePath = App.xcconfig;
			buildSettings = {
				CODE_SIGN_STYLE = Automatic;
				CURRENT_PROJECT_VERSION = 1;
				DEVELOPMENT_TEAM = LL4Y637Z4Y;
				GENERATE_INFOPLIST_FILE = YES;
				MARKETING_VERSION = 1.0;
				PRODUCT_BUNDLE_IDENTIFIER = "com.berkin.meLog.Brand-Ready-AI-Assistant---Native-Swift-BoilerplateUITests";
				PRODUCT_NAME = "$(TARGET_NAME)";
				SWIFT_EMIT_LOC_STRINGS = NO;
				SWIFT_VERSION = 6.0;
				TARGETED_DEVICE_FAMILY = "1,2";
				TEST_TARGET_NAME = "Brand-Ready AI Assistant — Native Swift Boilerplate";
			};
			name = Release;
		};
		943F04A72EE46FC10062A816 /* Debug */ = {
			isa = XCBuildConfiguration;
			buildSettings = {
				CODE_SIGN_ENTITLEMENTS = OneSignalNotificationServiceExtension/OneSignalNotificationServiceExtension.entitlements;
				CODE_SIGN_IDENTITY = "Apple Development";
				CODE_SIGN_STYLE = Automatic;
				CURRENT_PROJECT_VERSION = 1;
				DEVELOPMENT_TEAM = LL4Y637Z4Y;
				GENERATE_INFOPLIST_FILE = YES;
				INFOPLIST_FILE = OneSignalNotificationServiceExtension/Info.plist;
				INFOPLIST_KEY_CFBundleDisplayName = OneSignalNotificationServiceExtension;
				INFOPLIST_KEY_NSHumanReadableCopyright = "";
				IPHONEOS_DEPLOYMENT_TARGET = 26.1;
				LD_RUNPATH_SEARCH_PATHS = (
					"$(inherited)",
					"@executable_path/Frameworks",
					"@executable_path/../../Frameworks",
				);
				MARKETING_VERSION = 1.0;
				PRODUCT_BUNDLE_IDENTIFIER = com.berkin.SwiftAIBoilerplatePro.OneSignalNotificationServiceExtension;
				PRODUCT_NAME = "$(TARGET_NAME)";
				SKIP_INSTALL = YES;
				STRING_CATALOG_GENERATE_SYMBOLS = YES;
				SWIFT_APPROACHABLE_CONCURRENCY = YES;
				SWIFT_EMIT_LOC_STRINGS = YES;
				SWIFT_UPCOMING_FEATURE_MEMBER_IMPORT_VISIBILITY = YES;
				SWIFT_VERSION = 6.0;
				TARGETED_DEVICE_FAMILY = "1,2";
			};
			name = Debug;
		};
		943F04A82EE46FC10062A816 /* Release */ = {
			isa = XCBuildConfiguration;
			buildSettings = {
				CODE_SIGN_ENTITLEMENTS = OneSignalNotificationServiceExtension/OneSignalNotificationServiceExtension.entitlements;
				CODE_SIGN_IDENTITY = "Apple Development";
				CODE_SIGN_STYLE = Automatic;
				CURRENT_PROJECT_VERSION = 1;
				DEVELOPMENT_TEAM = LL4Y637Z4Y;
				GENERATE_INFOPLIST_FILE = YES;
				INFOPLIST_FILE = OneSignalNotificationServiceExtension/Info.plist;
				INFOPLIST_KEY_CFBundleDisplayName = OneSignalNotificationServiceExtension;
				INFOPLIST_KEY_NSHumanReadableCopyright = "";
				IPHONEOS_DEPLOYMENT_TARGET = 26.1;
				LD_RUNPATH_SEARCH_PATHS = (
					"$(inherited)",
					"@executable_path/Frameworks",
					"@executable_path/../../Frameworks",
				);
				MARKETING_VERSION = 1.0;
				PRODUCT_BUNDLE_IDENTIFIER = com.berkin.SwiftAIBoilerplatePro.OneSignalNotificationServiceExtension;
				PRODUCT_NAME = "$(TARGET_NAME)";
				SKIP_INSTALL = YES;
				STRING_CATALOG_GENERATE_SYMBOLS = YES;
				SWIFT_APPROACHABLE_CONCURRENCY = YES;
				SWIFT_EMIT_LOC_STRINGS = YES;
				SWIFT_UPCOMING_FEATURE_MEMBER_IMPORT_VISIBILITY = YES;
				SWIFT_VERSION = 6.0;
				TARGETED_DEVICE_FAMILY = "1,2";
			};
			name = Release;
		};
/* End XCBuildConfiguration section */

/* Begin XCConfigurationList section */
		943304D42E6628C8008485E6 /* Build configuration list for PBXProject "SwiftAIBoilerplatePro" */ = {
			isa = XCConfigurationList;
			buildConfigurations = (
				943304FA2E6628CA008485E6 /* Debug */,
				943304FB2E6628CA008485E6 /* Release */,
			);
			defaultConfigurationIsVisible = 0;
			defaultConfigurationName = Release;
		};
		943304FC2E6628CA008485E6 /* Build configuration list for PBXNativeTarget "SwiftAIBoilerplatePro" */ = {
			isa = XCConfigurationList;
			buildConfigurations = (
				943304FD2E6628CA008485E6 /* Debug */,
				943304FE2E6628CA008485E6 /* Release */,
			);
			defaultConfigurationIsVisible = 0;
			defaultConfigurationName = Release;
		};
		943304FF2E6628CA008485E6 /* Build configuration list for PBXNativeTarget "SwiftAIBoilerplateProTests" */ = {
			isa = XCConfigurationList;
			buildConfigurations = (
				943305002E6628CA008485E6 /* Debug */,
				943305012E6628CA008485E6 /* Release */,
			);
			defaultConfigurationIsVisible = 0;
			defaultConfigurationName = Release;
		};
		943305022E6628CA008485E6 /* Build configuration list for PBXNativeTarget "SwiftAIBoilerplateProUITests" */ = {
			isa = XCConfigurationList;
			buildConfigurations = (
				943305032E6628CA008485E6 /* Debug */,
				943305042E6628CA008485E6 /* Release */,
			);
			defaultConfigurationIsVisible = 0;
			defaultConfigurationName = Release;
		};
		943F04A62EE46FC10062A816 /* Build configuration list for PBXNativeTarget "OneSignalNotificationServiceExtension" */ = {
			isa = XCConfigurationList;
			buildConfigurations = (
				943F04A72EE46FC10062A816 /* Debug */,
				943F04A82EE46FC10062A816 /* Release */,
			);
			defaultConfigurationIsVisible = 0;
			defaultConfigurationName = Release;
		};
/* End XCConfigurationList section */

/* Begin XCRemoteSwiftPackageReference section */
		943F04AC2EE5E1500062A816 /* XCRemoteSwiftPackageReference "OneSignal-iOS-SDK" */ = {
			isa = XCRemoteSwiftPackageReference;
			repositoryURL = "https://github.com/OneSignal/OneSignal-iOS-SDK";
			requirement = {
				kind = upToNextMajorVersion;
				minimumVersion = 5.2.15;
			};
		};
/* End XCRemoteSwiftPackageReference section */

/* Begin XCSwiftPackageProductDependency section */
		943F04AD2EE5E1500062A816 /* OneSignalExtension */ = {
			isa = XCSwiftPackageProductDependency;
			package = 943F04AC2EE5E1500062A816 /* XCRemoteSwiftPackageReference "OneSignal-iOS-SDK" */;
			productName = OneSignalExtension;
		};
		943F04AF2EE5E1500062A816 /* OneSignalFramework */ = {
			isa = XCSwiftPackageProductDependency;
			package = 943F04AC2EE5E1500062A816 /* XCRemoteSwiftPackageReference "OneSignal-iOS-SDK" */;
			productName = OneSignalFramework;
		};
		94A03A4A2E8B173B003E6915 /* AI */ = {
			isa = XCSwiftPackageProductDependency;
			productName = AI;
		};
		94A03A4C2E8B173B003E6915 /* Auth */ = {
			isa = XCSwiftPackageProductDependency;
			productName = Auth;
		};
		94A03A4E2E8B173B003E6915 /* Core */ = {
			isa = XCSwiftPackageProductDependency;
			productName = Core;
		};
		94A03A502E8B173B003E6915 /* DesignSystem */ = {
			isa = XCSwiftPackageProductDependency;
			productName = DesignSystem;
		};
		94A03A522E8B173B003E6915 /* FeatureChat */ = {
			isa = XCSwiftPackageProductDependency;
			productName = FeatureChat;
		};
		94A03A542E8B173B003E6915 /* FeatureSettings */ = {
			isa = XCSwiftPackageProductDependency;
			productName = FeatureSettings;
		};
		94A03A562E8B173B003E6915 /* Networking */ = {
			isa = XCSwiftPackageProductDependency;
			productName = Networking;
		};
		94A03A582E8B173B003E6915 /* Payments */ = {
			isa = XCSwiftPackageProductDependency;
			productName = Payments;
		};
		94A03A5A2E8B173B003E6915 /* Storage */ = {
			isa = XCSwiftPackageProductDependency;
			productName = Storage;
		};
		94A03A5C2E8B173B003E6915 /* FeatureRating */ = {
			isa = XCSwiftPackageProductDependency;
			productName = FeatureRating;
		};
/* End XCSwiftPackageProductDependency section */
	};
	rootObject = 943304D12E6628C8008485E6 /* Project object */;
}
