{
  "originHash" : "35b78e60e167baddf453464c4372ec6d553151800a87475189a051ed43b5afb1",
  "pins" : [
    {
      "identity" : "purchases-ios",
      "kind" : "remoteSourceControl",
      "location" : "https://github.com/RevenueCat/purchases-ios",
      "state" : {
        "revision" : "a1bf83fc76099c3d801aa7fc2543c3b9e488cd00",
        "version" : "5.67.0"
      }
    }
  ],
  "version" : 3
}
